
Microsoft Visual Studio Solution File, Format Version 12.00
# Visual Studio Version 17
VisualStudioVersion = 17.7.34031.279
MinimumVisualStudioVersion = 10.0.40219.1
Project("{FAE04EC0-301F-11D3-BF4B-00C04F79EFBC}") = "Practica 4 (Do while)", "Practica 4 (Do while).csproj", "{39C15D2D-DF0B-497B-8DA9-BE446AC9D474}"
EndProject
Global
	GlobalSection(SolutionConfigurationPlatforms) = preSolution
		Debug|Any CPU = Debug|Any CPU
		Release|Any CPU = Release|Any CPU
	EndGlobalSection
	GlobalSection(ProjectConfigurationPlatforms) = postSolution
		{39C15D2D-DF0B-497B-8DA9-BE446AC9D474}.Debug|Any CPU.ActiveCfg = Debug|Any CPU
		{39C15D2D-DF0B-497B-8DA9-BE446AC9D474}.Debug|Any CPU.Build.0 = Debug|Any CPU
		{39C15D2D-DF0B-497B-8DA9-BE446AC9D474}.Release|Any CPU.ActiveCfg = Release|Any CPU
		{39C15D2D-DF0B-497B-8DA9-BE446AC9D474}.Release|Any CPU.Build.0 = Release|Any CPU
	EndGlobalSection
	GlobalSection(SolutionProperties) = preSolution
		HideSolutionNode = FALSE
	EndGlobalSection
	GlobalSection(ExtensibilityGlobals) = postSolution
		SolutionGuid = {DBBE78FA-B5EF-4EAE-AF8A-A69DAED94AD1}
	EndGlobalSection
EndGlobal
