
Microsoft Visual Studio Solution File, Format Version 12.00
# Visual Studio Version 17
VisualStudioVersion = 17.7.34031.279
MinimumVisualStudioVersion = 10.0.40219.1
Project("{FAE04EC0-301F-11D3-BF4B-00C04F79EFBC}") = "Practica 7 (Do while)", "Practica 7 (Do while).csproj", "{F56B5842-089E-404A-8D9C-D25018D37284}"
EndProject
Global
	GlobalSection(SolutionConfigurationPlatforms) = preSolution
		Debug|Any CPU = Debug|Any CPU
		Release|Any CPU = Release|Any CPU
	EndGlobalSection
	GlobalSection(ProjectConfigurationPlatforms) = postSolution
		{F56B5842-089E-404A-8D9C-D25018D37284}.Debug|Any CPU.ActiveCfg = Debug|Any CPU
		{F56B5842-089E-404A-8D9C-D25018D37284}.Debug|Any CPU.Build.0 = Debug|Any CPU
		{F56B5842-089E-404A-8D9C-D25018D37284}.Release|Any CPU.ActiveCfg = Release|Any CPU
		{F56B5842-089E-404A-8D9C-D25018D37284}.Release|Any CPU.Build.0 = Release|Any CPU
	EndGlobalSection
	GlobalSection(SolutionProperties) = preSolution
		HideSolutionNode = FALSE
	EndGlobalSection
	GlobalSection(ExtensibilityGlobals) = postSolution
		SolutionGuid = {62C5AAAA-FE60-40CA-9334-72A12A06C350}
	EndGlobalSection
EndGlobal
